
Microsoft Visual Studio Solution File, Format Version 12.00
# Visual Studio Version 17
VisualStudioVersion = 17.8.34330.188
MinimumVisualStudioVersion = 10.0.40219.1
Project("{D2ABAB84-BF74-430A-B69E-9DC6D40DDA17}") = "Day2Anajysis", "Day2Anajysis\Day2Anajysis.dwproj", "{A701137B-A9E0-4016-9591-F23C4ED8FB72}"
EndProject
Global
	GlobalSection(SolutionConfigurationPlatforms) = preSolution
		Development|Default = Development|Default
	EndGlobalSection
	GlobalSection(ProjectConfigurationPlatforms) = postSolution
		{A701137B-A9E0-4016-9591-F23C4ED8FB72}.Development|Default.ActiveCfg = Development
		{A701137B-A9E0-4016-9591-F23C4ED8FB72}.Development|Default.Build.0 = Development
		{A701137B-A9E0-4016-9591-F23C4ED8FB72}.Development|Default.Deploy.0 = Development
	EndGlobalSection
	GlobalSection(SolutionProperties) = preSolution
		HideSolutionNode = FALSE
	EndGlobalSection
	GlobalSection(ExtensibilityGlobals) = postSolution
		SolutionGuid = {860EE6F8-E1D7-472B-A1D7-758B9298F68B}
	EndGlobalSection
EndGlobal
